
Microsoft Visual Studio Solution File, Format Version 12.00
# Visual Studio Version 17
VisualStudioVersion = 17.8.34316.72
MinimumVisualStudioVersion = 10.0.40219.1
Project("{2150E333-8FDC-42A3-9474-1A3956D46DE8}") = "1.Domain", "1.Domain", "{19E7FE55-5C0E-4A6A-895F-DC1A8F4D7045}"
EndProject
Project("{2150E333-8FDC-42A3-9474-1A3956D46DE8}") = "2.Application", "2.Application", "{994E5D6D-44DF-4026-BCEF-738784B712AF}"
EndProject
Project("{2150E333-8FDC-42A3-9474-1A3956D46DE8}") = "3.Infraestructure", "3.Infraestructure", "{2C5F6190-FE6C-44A7-8DF8-BFC14B8330E4}"
EndProject
Project("{2150E333-8FDC-42A3-9474-1A3956D46DE8}") = "4.Api", "4.Api", "{430D8E7C-F471-4EB4-9983-A3ABE003F212}"
EndProject
Project("{9A19103F-16F7-4668-BE54-9A1E7A4F7556}") = "ProductCatalogChallenge.Domain", "ProductCatalogChallenge.Domain\ProductCatalogChallenge.Domain.csproj", "{49F9B77B-D110-4238-962D-E7EBF19A812F}"
EndProject
Project("{9A19103F-16F7-4668-BE54-9A1E7A4F7556}") = "ProductCatalogChallenge.Application", "ProductCatalogChallenge.Application\ProductCatalogChallenge.Application.csproj", "{BC53D2F9-B5A1-468E-977A-22A0ACD09E59}"
EndProject
Project("{9A19103F-16F7-4668-BE54-9A1E7A4F7556}") = "ProductCatalogChallenge.Infraestructure", "ProductCatalogChallenge.Infraestructure\ProductCatalogChallenge.Infraestructure.csproj", "{A780D52F-3EA9-45BA-B133-EAD302A0B4C2}"
EndProject
Project("{9A19103F-16F7-4668-BE54-9A1E7A4F7556}") = "ProductCatalogChallenge.Api", "ProductCatalogChallenge.Api\ProductCatalogChallenge.Api.csproj", "{124CA36E-AE71-4A70-AFE2-F2438F4BEC43}"
EndProject
Project("{2150E333-8FDC-42A3-9474-1A3956D46DE8}") = "5.Tests", "5.Tests", "{97BEF9A2-465C-486A-8E79-C7EC2D2A7545}"
EndProject
Project("{9A19103F-16F7-4668-BE54-9A1E7A4F7556}") = "ProductCatalogChallenge.Tests", "ProductCatalogChallenge.Tests\ProductCatalogChallenge.Tests.csproj", "{2401259A-EC24-49B0-9803-9557642B8C3E}"
EndProject
Global
	GlobalSection(SolutionConfigurationPlatforms) = preSolution
		Debug|Any CPU = Debug|Any CPU
		Release|Any CPU = Release|Any CPU
	EndGlobalSection
	GlobalSection(ProjectConfigurationPlatforms) = postSolution
		{49F9B77B-D110-4238-962D-E7EBF19A812F}.Debug|Any CPU.ActiveCfg = Debug|Any CPU
		{49F9B77B-D110-4238-962D-E7EBF19A812F}.Debug|Any CPU.Build.0 = Debug|Any CPU
		{49F9B77B-D110-4238-962D-E7EBF19A812F}.Release|Any CPU.ActiveCfg = Release|Any CPU
		{49F9B77B-D110-4238-962D-E7EBF19A812F}.Release|Any CPU.Build.0 = Release|Any CPU
		{BC53D2F9-B5A1-468E-977A-22A0ACD09E59}.Debug|Any CPU.ActiveCfg = Debug|Any CPU
		{BC53D2F9-B5A1-468E-977A-22A0ACD09E59}.Debug|Any CPU.Build.0 = Debug|Any CPU
		{BC53D2F9-B5A1-468E-977A-22A0ACD09E59}.Release|Any CPU.ActiveCfg = Release|Any CPU
		{BC53D2F9-B5A1-468E-977A-22A0ACD09E59}.Release|Any CPU.Build.0 = Release|Any CPU
		{A780D52F-3EA9-45BA-B133-EAD302A0B4C2}.Debug|Any CPU.ActiveCfg = Debug|Any CPU
		{A780D52F-3EA9-45BA-B133-EAD302A0B4C2}.Debug|Any CPU.Build.0 = Debug|Any CPU
		{A780D52F-3EA9-45BA-B133-EAD302A0B4C2}.Release|Any CPU.ActiveCfg = Release|Any CPU
		{A780D52F-3EA9-45BA-B133-EAD302A0B4C2}.Release|Any CPU.Build.0 = Release|Any CPU
		{124CA36E-AE71-4A70-AFE2-F2438F4BEC43}.Debug|Any CPU.ActiveCfg = Debug|Any CPU
		{124CA36E-AE71-4A70-AFE2-F2438F4BEC43}.Debug|Any CPU.Build.0 = Debug|Any CPU
		{124CA36E-AE71-4A70-AFE2-F2438F4BEC43}.Release|Any CPU.ActiveCfg = Release|Any CPU
		{124CA36E-AE71-4A70-AFE2-F2438F4BEC43}.Release|Any CPU.Build.0 = Release|Any CPU
		{2401259A-EC24-49B0-9803-9557642B8C3E}.Debug|Any CPU.ActiveCfg = Debug|Any CPU
		{2401259A-EC24-49B0-9803-9557642B8C3E}.Debug|Any CPU.Build.0 = Debug|Any CPU
		{2401259A-EC24-49B0-9803-9557642B8C3E}.Release|Any CPU.ActiveCfg = Release|Any CPU
		{2401259A-EC24-49B0-9803-9557642B8C3E}.Release|Any CPU.Build.0 = Release|Any CPU
	EndGlobalSection
	GlobalSection(SolutionProperties) = preSolution
		HideSolutionNode = FALSE
	EndGlobalSection
	GlobalSection(NestedProjects) = preSolution
		{49F9B77B-D110-4238-962D-E7EBF19A812F} = {19E7FE55-5C0E-4A6A-895F-DC1A8F4D7045}
		{BC53D2F9-B5A1-468E-977A-22A0ACD09E59} = {994E5D6D-44DF-4026-BCEF-738784B712AF}
		{A780D52F-3EA9-45BA-B133-EAD302A0B4C2} = {2C5F6190-FE6C-44A7-8DF8-BFC14B8330E4}
		{124CA36E-AE71-4A70-AFE2-F2438F4BEC43} = {430D8E7C-F471-4EB4-9983-A3ABE003F212}
		{2401259A-EC24-49B0-9803-9557642B8C3E} = {97BEF9A2-465C-486A-8E79-C7EC2D2A7545}
	EndGlobalSection
	GlobalSection(ExtensibilityGlobals) = postSolution
		SolutionGuid = {D512DC16-463E-46D3-B2F4-7E5C5E49A3C1}
	EndGlobalSection
EndGlobal
